
Microsoft Visual Studio Solution File, Format Version 12.00
# Visual Studio Version 16
VisualStudioVersion = 16.0.33214.272
MinimumVisualStudioVersion = 10.0.40219.1
Project("{FAE04EC0-301F-11D3-BF4B-00C04F79EFBC}") = "Core5ApiAuth", "Core5ApiAuth.csproj", "{81862E2A-43CB-49D3-A42D-42EADA38275E}"
EndProject
Global
	GlobalSection(SolutionConfigurationPlatforms) = preSolution
		Debug|Any CPU = Debug|Any CPU
		Release|Any CPU = Release|Any CPU
	EndGlobalSection
	GlobalSection(ProjectConfigurationPlatforms) = postSolution
		{81862E2A-43CB-49D3-A42D-42EADA38275E}.Debug|Any CPU.ActiveCfg = Debug|Any CPU
		{81862E2A-43CB-49D3-A42D-42EADA38275E}.Debug|Any CPU.Build.0 = Debug|Any CPU
		{81862E2A-43CB-49D3-A42D-42EADA38275E}.Release|Any CPU.ActiveCfg = Release|Any CPU
		{81862E2A-43CB-49D3-A42D-42EADA38275E}.Release|Any CPU.Build.0 = Release|Any CPU
	EndGlobalSection
	GlobalSection(SolutionProperties) = preSolution
		HideSolutionNode = FALSE
	EndGlobalSection
	GlobalSection(ExtensibilityGlobals) = postSolution
		SolutionGuid = {E26A7592-2A34-486B-90E0-A392B479F72B}
	EndGlobalSection
EndGlobal
